// !$*UTF8*$!
{
	archiveVersion = 1;
	classes = {
	};
	objectVersion = 50;
	objects = {

/* Begin PBXBuildFile section */
		74643D2D22B1B698007498CC /* AppDelegate.swift in Sources */ = {isa = PBXBuildFile; fileRef = 74643D2C22B1B698007498CC /* AppDelegate.swift */; };
		74643D2F22B1B698007498CC /* ViewController.swift in Sources */ = {isa = PBXBuildFile; fileRef = 74643D2E22B1B698007498CC /* ViewController.swift */; };
		74643D3222B1B698007498CC /* Main.storyboard in Resources */ = {isa = PBXBuildFile; fileRef = 74643D3022B1B698007498CC /* Main.storyboard */; };
		74643D3522B1B698007498CC /* CustomizedShoppingCalculator.xcdatamodeld in Sources */ = {isa = PBXBuildFile; fileRef = 74643D3322B1B698007498CC /* CustomizedShoppingCalculator.xcdatamodeld */; };
		74643D3722B1B69C007498CC /* Assets.xcassets in Resources */ = {isa = PBXBuildFile; fileRef = 74643D3622B1B69C007498CC /* Assets.xcassets */; };
		74643D3A22B1B69C007498CC /* LaunchScreen.storyboard in Resources */ = {isa = PBXBuildFile; fileRef = 74643D3822B1B69C007498CC /* LaunchScreen.storyboard */; };
/* End PBXBuildFile section */

/* Begin PBXFileReference section */
		74643D2922B1B698007498CC /* CustomizedShoppingCalculator.app */ = {isa = PBXFileReference; explicitFileType = wrapper.application; includeInIndex = 0; path = CustomizedShoppingCalculator.app; sourceTree = BUILT_PRODUCTS_DIR; };
		74643D2C22B1B698007498CC /* AppDelegate.swift */ = {isa = PBXFileReference; lastKnownFileType = sourcecode.swift; path = AppDelegate.swift; sourceTree = "<group>"; };
		74643D2E22B1B698007498CC /* ViewController.swift */ = {isa = PBXFileReference; lastKnownFileType = sourcecode.swift; path = ViewController.swift; sourceTree = "<group>"; };
		74643D3122B1B698007498CC /* Base */ = {isa = PBXFileReference; lastKnownFileType = file.storyboard; name = Base; path = Base.lproj/Main.storyboard; sourceTree = "<group>"; };
		74643D3422B1B698007498CC /* CustomizedShoppingCalculator.xcdatamodel */ = {isa = PBXFileReference; lastKnownFileType = wrapper.xcdatamodel; path = CustomizedShoppingCalculator.xcdatamodel; sourceTree = "<group>"; };
		74643D3622B1B69C007498CC /* Assets.xcassets */ = {isa = PBXFileReference; lastKnownFileType = folder.assetcatalog; path = Assets.xcassets; sourceTree = "<group>"; };
		74643D3922B1B69C007498CC /* Base */ = {isa = PBXFileReference; lastKnownFileType = file.storyboard; name = Base; path = Base.lproj/LaunchScreen.storyboard; sourceTree = "<group>"; };
		74643D3B22B1B69C007498CC /* Info.plist */ = {isa = PBXFileReference; lastKnownFileType = text.plist.xml; path = Info.plist; sourceTree = "<group>"; };
/* End PBXFileReference section */

/* Begin PBXFrameworksBuildPhase section */
		74643D2622B1B697007498CC /* Frameworks */ = {
			isa = PBXFrameworksBuildPhase;
			buildActionMask = 2147483647;
			files = (
			);
			runOnlyForDeploymentPostprocessing = 0;
		};
/* End PBXFrameworksBuildPhase section */

/* Begin PBXGroup section */
		74643D2022B1B697007498CC = {
			isa = PBXGroup;
			children = (
				74643D2B22B1B698007498CC /* CustomizedShoppingCalculator */,
				74643D2A22B1B698007498CC /* Products */,
			);
			sourceTree = "<group>";
		};
		74643D2A22B1B698007498CC /* Products */ = {
			isa = PBXGroup;
			children = (
				74643D2922B1B698007498CC /* CustomizedShoppingCalculator.app */,
			);
			name = Products;
			sourceTree = "<group>";
		};
		74643D2B22B1B698007498CC /* CustomizedShoppingCalculator */ = {
			isa = PBXGroup;
			children = (
				74643D2C22B1B698007498CC /* AppDelegate.swift */,
				74643D2E22B1B698007498CC /* ViewController.swift */,
				74643D3022B1B698007498CC /* Main.storyboard */,
				74643D3622B1B69C007498CC /* Assets.xcassets */,
				74643D3822B1B69C007498CC /* LaunchScreen.storyboard */,
				74643D3B22B1B69C007498CC /* Info.plist */,
				74643D3322B1B698007498CC /* CustomizedShoppingCalculator.xcdatamodeld */,
			);
			path = CustomizedShoppingCalculator;
			sourceTree = "<group>";
		};
/* End PBXGroup section */

/* Begin PBXNativeTarget section */
		74643D2822B1B697007498CC /* CustomizedShoppingCalculator */ = {
			isa = PBXNativeTarget;
			buildConfigurationList = 74643D3E22B1B69C007498CC /* Build configuration list for PBXNativeTarget "CustomizedShoppingCalculator" */;
			buildPhases = (
				74643D2522B1B697007498CC /* Sources */,
				74643D2622B1B697007498CC /* Frameworks */,
				74643D2722B1B697007498CC /* Resources */,
			);
			buildRules = (
			);
			dependencies = (
			);
			name = CustomizedShoppingCalculator;
			productName = CustomizedShoppingCalculator;
			productReference = 74643D2922B1B698007498CC /* CustomizedShoppingCalculator.app */;
			productType = "com.apple.product-type.application";
		};
/* End PBXNativeTarget section */

/* Begin PBXProject section */
		74643D2122B1B697007498CC /* Project object */ = {
			isa = PBXProject;
			attributes = {
				LastSwiftUpdateCheck = 1020;
				LastUpgradeCheck = 1020;
				ORGANIZATIONNAME = "Hemanth Attal";
				TargetAttributes = {
					74643D2822B1B697007498CC = {
						CreatedOnToolsVersion = 10.2.1;
					};
				};
			};
			buildConfigurationList = 74643D2422B1B697007498CC /* Build configuration list for PBXProject "CustomizedShoppingCalculator" */;
			compatibilityVersion = "Xcode 9.3";
			developmentRegion = en;
			hasScannedForEncodings = 0;
			knownRegions = (
				en,
				Base,
			);
			mainGroup = 74643D2022B1B697007498CC;
			productRefGroup = 74643D2A22B1B698007498CC /* Products */;
			projectDirPath = "";
			projectRoot = "";
			targets = (
				74643D2822B1B697007498CC /* CustomizedShoppingCalculator */,
			);
		};
/* End PBXProject section */

/* Begin PBXResourcesBuildPhase section */
		74643D2722B1B697007498CC /* Resources */ = {
			isa = PBXResourcesBuildPhase;
			buildActionMask = 2147483647;
			files = (
				74643D3A22B1B69C007498CC /* LaunchScreen.storyboard in Resources */,
				74643D3722B1B69C007498CC /* Assets.xcassets in Resources */,
				74643D3222B1B698007498CC /* Main.storyboard in Resources */,
			);
			runOnlyForDeploymentPostprocessing = 0;
		};
/* End PBXResourcesBuildPhase section */

/* Begin PBXSourcesBuildPhase section */
		74643D2522B1B697007498CC /* Sources */ = {
			isa = PBXSourcesBuildPhase;
			buildActionMask = 2147483647;
			files = (
				74643D2F22B1B698007498CC /* ViewController.swift in Sources */,
				74643D3522B1B698007498CC /* CustomizedShoppingCalculator.xcdatamodeld in Sources */,
				74643D2D22B1B698007498CC /* AppDelegate.swift in Sources */,
			);
			runOnlyForDeploymentPostprocessing = 0;
		};
/* End PBXSourcesBuildPhase section */

/* Begin PBXVariantGroup section */
		74643D3022B1B698007498CC /* Main.storyboard */ = {
			isa = PBXVariantGroup;
			children = (
				74643D3122B1B698007498CC /* Base */,
			);
			name = Main.storyboard;
			sourceTree = "<group>";
		};
		74643D3822B1B69C007498CC /* LaunchScreen.storyboard */ = {
			isa = PBXVariantGroup;
			children = (
				74643D3922B1B69C007498CC /* Base */,
			);
			name = LaunchScreen.storyboard;
			sourceTree = "<group>";
		};
/* End PBXVariantGroup section */

/* Begin XCBuildConfiguration section */
		74643D3C22B1B69C007498CC /* Debug */ = {
			isa = XCBuildConfiguration;
			buildSettings = {
				ALWAYS_SEARCH_USER_PATHS = NO;
				CLANG_ANALYZER_NONNULL = YES;
				CLANG_ANALYZER_NUMBER_OBJECT_CONVERSION = YES_AGGRESSIVE;
				CLANG_CXX_LANGUAGE_STANDARD = "gnu++14";
				CLANG_CXX_LIBRARY = "libc++";
				CLANG_ENABLE_MODULES = YES;
				CLANG_ENABLE_OBJC_ARC = YES;
				CLANG_ENABLE_OBJC_WEAK = YES;
				CLANG_WARN_BLOCK_CAPTURE_AUTORELEASING = YES;
				CLANG_WARN_BOOL_CONVERSION = YES;
				CLANG_WARN_COMMA = YES;
				CLANG_WARN_CONSTANT_CONVERSION = YES;
				CLANG_WARN_DEPRECATED_OBJC_IMPLEMENTATIONS = YES;
				CLANG_WARN_DIRECT_OBJC_ISA_USAGE = YES_ERROR;
				CLANG_WARN_DOCUMENTATION_COMMENTS = YES;
				CLANG_WARN_EMPTY_BODY = YES;
				CLANG_WARN_ENUM_CONVERSION = YES;
				CLANG_WARN_INFINITE_RECURSION = YES;
				CLANG_WARN_INT_CONVERSION = YES;
				CLANG_WARN_NON_LITERAL_NULL_CONVERSION = YES;
				CLANG_WARN_OBJC_IMPLICIT_RETAIN_SELF = YES;
				CLANG_WARN_OBJC_LITERAL_CONVERSION = YES;
				CLANG_WARN_OBJC_ROOT_CLASS = YES_ERROR;
				CLANG_WARN_RANGE_LOOP_ANALYSIS = YES;
				CLANG_WARN_STRICT_PROTOTYPES = YES;
				CLANG_WARN_SUSPICIOUS_MOVE = YES;
				CLANG_WARN_UNGUARDED_AVAILABILITY = YES_AGGRESSIVE;
				CLANG_WARN_UNREACHABLE_CODE = YES;
				CLANG_WARN__DUPLICATE_METHOD_MATCH = YES;
				CODE_SIGN_IDENTITY = "iPhone Developer";
				COPY_PHASE_STRIP = NO;
				DEBUG_INFORMATION_FORMAT = dwarf;
				ENABLE_STRICT_OBJC_MSGSEND = YES;
				ENABLE_TESTABILITY = YES;
				GCC_C_LANGUAGE_STANDARD = gnu11;
				GCC_DYNAMIC_NO_PIC = NO;
				GCC_NO_COMMON_BLOCKS = YES;
				GCC_OPTIMIZATION_LEVEL = 0;
				GCC_PREPROCESSOR_DEFINITIONS = (
					"DEBUG=1",
					"$(inherited)",
				);
				GCC_WARN_64_TO_32_BIT_CONVERSION = YES;
				GCC_WARN_ABOUT_RETURN_TYPE = YES_ERROR;
				GCC_WARN_UNDECLARED_SELECTOR = YES;
				GCC_WARN_UNINITIALIZED_AUTOS = YES_AGGRESSIVE;
				GCC_WARN_UNUSED_FUNCTION = YES;
				GCC_WARN_UNUSED_VARIABLE = YES;
				IPHONEOS_DEPLOYMENT_TARGET = 12.2;
				MTL_ENABLE_DEBUG_INFO = INCLUDE_SOURCE;
				MTL_FAST_MATH = YES;
				ONLY_ACTIVE_ARCH = YES;
				SDKROOT = iphoneos;
				SWIFT_ACTIVE_COMPILATION_CONDITIONS = DEBUG;
				SWIFT_OPTIMIZATION_LEVEL = "-Onone";
			};
			name = Debug;
		};
		74643D3D22B1B69C007498CC /* Release */ = {
			isa = XCBuildConfiguration;
			buildSettings = {
				ALWAYS_SEARCH_USER_PATHS = NO;
				CLANG_ANALYZER_NONNULL = YES;
				CLANG_ANALYZER_NUMBER_OBJECT_CONVERSION = YES_AGGRESSIVE;
				CLANG_CXX_LANGUAGE_STANDARD = "gnu++14";
				CLANG_CXX_LIBRARY = "libc++";
				CLANG_ENABLE_MODULES = YES;
				CLANG_ENABLE_OBJC_ARC = YES;
				CLANG_ENABLE_OBJC_WEAK = YES;
				CLANG_WARN_BLOCK_CAPTURE_AUTORELEASING = YES;
				CLANG_WARN_BOOL_CONVERSION = YES;
				CLANG_WARN_COMMA = YES;
				CLANG_WARN_CONSTANT_CONVERSION = YES;
				CLANG_WARN_DEPRECATED_OBJC_IMPLEMENTATIONS = YES;
				CLANG_WARN_DIRECT_OBJC_ISA_USAGE = YES_ERROR;
				CLANG_WARN_DOCUMENTATION_COMMENTS = YES;
				CLANG_WARN_EMPTY_BODY = YES;
				CLANG_WARN_ENUM_CONVERSION = YES;
				CLANG_WARN_INFINITE_RECURSION = YES;
				CLANG_WARN_INT_CONVERSION = YES;
				CLANG_WARN_NON_LITERAL_NULL_CONVERSION = YES;
				CLANG_WARN_OBJC_IMPLICIT_RETAIN_SELF = YES;
				CLANG_WARN_OBJC_LITERAL_CONVERSION = YES;
				CLANG_WARN_OBJC_ROOT_CLASS = YES_ERROR;
				CLANG_WARN_RANGE_LOOP_ANALYSIS = YES;
				CLANG_WARN_STRICT_PROTOTYPES = YES;
				CLANG_WARN_SUSPICIOUS_MOVE = YES;
				CLANG_WARN_UNGUARDED_AVAILABILITY = YES_AGGRESSIVE;
				CLANG_WARN_UNREACHABLE_CODE = YES;
				CLANG_WARN__DUPLICATE_METHOD_MATCH = YES;
				CODE_SIGN_IDENTITY = "iPhone Developer";
				COPY_PHASE_STRIP = NO;
				DEBUG_INFORMATION_FORMAT = "dwarf-with-dsym";
				ENABLE_NS_ASSERTIONS = NO;
				ENABLE_STRICT_OBJC_MSGSEND = YES;
				GCC_C_LANGUAGE_STANDARD = gnu11;
				GCC_NO_COMMON_BLOCKS = YES;
				GCC_WARN_64_TO_32_BIT_CONVERSION = YES;
				GCC_WARN_ABOUT_RETURN_TYPE = YES_ERROR;
				GCC_WARN_UNDECLARED_SELECTOR = YES;
				GCC_WARN_UNINITIALIZED_AUTOS = YES_AGGRESSIVE;
				GCC_WARN_UNUSED_FUNCTION = YES;
				GCC_WARN_UNUSED_VARIABLE = YES;
				IPHONEOS_DEPLOYMENT_TARGET = 12.2;
				MTL_ENABLE_DEBUG_INFO = NO;
				MTL_FAST_MATH = YES;
				SDKROOT = iphoneos;
				SWIFT_COMPILATION_MODE = wholemodule;
				SWIFT_OPTIMIZATION_LEVEL = "-O";
				VALIDATE_PRODUCT = YES;
			};
			name = Release;
		};
		74643D3F22B1B69C007498CC /* Debug */ = {
			isa = XCBuildConfiguration;
			buildSettings = {
				ASSETCATALOG_COMPILER_APPICON_NAME = AppIcon;
				CODE_SIGN_STYLE = Automatic;
				DEVELOPMENT_TEAM = 5C6ZR82VQ7;
				INFOPLIST_FILE = CustomizedShoppingCalculator/Info.plist;
				LD_RUNPATH_SEARCH_PATHS = (
					"$(inherited)",
					"@executable_path/Frameworks",
				);
				PRODUCT_BUNDLE_IDENTIFIER = test1.CustomizedShoppingCalculator;
				PRODUCT_NAME = "$(TARGET_NAME)";
				SWIFT_VERSION = 5.0;
				TARGETED_DEVICE_FAMILY = "1,2";
			};
			name = Debug;
		};
		74643D4022B1B69C007498CC /* Release */ = {
			isa = XCBuildConfiguration;
			buildSettings = {
				ASSETCATALOG_COMPILER_APPICON_NAME = AppIcon;
				CODE_SIGN_STYLE = Automatic;
				DEVELOPMENT_TEAM = 5C6ZR82VQ7;
				INFOPLIST_FILE = CustomizedShoppingCalculator/Info.plist;
				LD_RUNPATH_SEARCH_PATHS = (
					"$(inherited)",
					"@executable_path/Frameworks",
				);
				PRODUCT_BUNDLE_IDENTIFIER = test1.CustomizedShoppingCalculator;
				PRODUCT_NAME = "$(TARGET_NAME)";
				SWIFT_VERSION = 5.0;
				TARGETED_DEVICE_FAMILY = "1,2";
			};
			name = Release;
		};
/* End XCBuildConfiguration section */

/* Begin XCConfigurationList section */
		74643D2422B1B697007498CC /* Build configuration list for PBXProject "CustomizedShoppingCalculator" */ = {
			isa = XCConfigurationList;
			buildConfigurations = (
				74643D3C22B1B69C007498CC /* Debug */,
				74643D3D22B1B69C007498CC /* Release */,
			);
			defaultConfigurationIsVisible = 0;
			defaultConfigurationName = Release;
		};
		74643D3E22B1B69C007498CC /* Build configuration list for PBXNativeTarget "CustomizedShoppingCalculator" */ = {
			isa = XCConfigurationList;
			buildConfigurations = (
				74643D3F22B1B69C007498CC /* Debug */,
				74643D4022B1B69C007498CC /* Release */,
			);
			defaultConfigurationIsVisible = 0;
			defaultConfigurationName = Release;
		};
/* End XCConfigurationList section */

/* Begin XCVersionGroup section */
		74643D3322B1B698007498CC /* CustomizedShoppingCalculator.xcdatamodeld */ = {
			isa = XCVersionGroup;
			children = (
				74643D3422B1B698007498CC /* CustomizedShoppingCalculator.xcdatamodel */,
			);
			currentVersion = 74643D3422B1B698007498CC /* CustomizedShoppingCalculator.xcdatamodel */;
			path = CustomizedShoppingCalculator.xcdatamodeld;
			sourceTree = "<group>";
			versionGroupType = wrapper.xcdatamodel;
		};
/* End XCVersionGroup section */
	};
	rootObject = 74643D2122B1B697007498CC /* Project object */;
}
